
Microsoft Visual Studio Solution File, Format Version 12.00
# Visual Studio 15
VisualStudioVersion = 15.0.27428.2005
MinimumVisualStudioVersion = 10.0.40219.1
Project("{FAE04EC0-301F-11D3-BF4B-00C04F79EFBC}") = "TextBox", "TextBox\TextBox.csproj", "{2D2479B1-2589-43F2-A92C-C63794ED2846}"
EndProject
Global
	GlobalSection(SolutionConfigurationPlatforms) = preSolution
		Debug|Any CPU = Debug|Any CPU
		Release|Any CPU = Release|Any CPU
	EndGlobalSection
	GlobalSection(ProjectConfigurationPlatforms) = postSolution
		{2D2479B1-2589-43F2-A92C-C63794ED2846}.Debug|Any CPU.ActiveCfg = Debug|Any CPU
		{2D2479B1-2589-43F2-A92C-C63794ED2846}.Debug|Any CPU.Build.0 = Debug|Any CPU
		{2D2479B1-2589-43F2-A92C-C63794ED2846}.Release|Any CPU.ActiveCfg = Release|Any CPU
		{2D2479B1-2589-43F2-A92C-C63794ED2846}.Release|Any CPU.Build.0 = Release|Any CPU
	EndGlobalSection
	GlobalSection(SolutionProperties) = preSolution
		HideSolutionNode = FALSE
	EndGlobalSection
	GlobalSection(ExtensibilityGlobals) = postSolution
		SolutionGuid = {1854FA70-2467-43F2-AAD8-75ED3CFA2A99}
	EndGlobalSection
EndGlobal
